// !$*UTF8*$!
{
	archiveVersion = 1;
	classes = {
	};
	objectVersion = 52;
	objects = {

/* Begin PBXBuildFile section */
		3A0095D023F4AF0200E923BD /* Log in Frameworks */ = {isa = PBXBuildFile; productRef = 3A0095CF23F4AF0200E923BD /* Log */; };
		3A16298323F8A9CB00879019 /* ModalStylesTests.swift in Sources */ = {isa = PBXBuildFile; fileRef = 3A16298223F8A9CB00879019 /* ModalStylesTests.swift */; };
		3A1629A223F8CE5A00879019 /* ModalStylesViewController.swift in Sources */ = {isa = PBXBuildFile; fileRef = 3A1629A123F8CE5A00879019 /* ModalStylesViewController.swift */; };
		3A1629B123F8DACD00879019 /* AutoLayout in Frameworks */ = {isa = PBXBuildFile; productRef = 3A1629B023F8DACD00879019 /* AutoLayout */; };
		3A1629B423F8DAF400879019 /* Log in Frameworks */ = {isa = PBXBuildFile; productRef = 3A1629B323F8DAF400879019 /* Log */; };
		3A1629C723F9DDBB00879019 /* ModalStyleCell.swift in Sources */ = {isa = PBXBuildFile; fileRef = 3A1629C623F9DDBB00879019 /* ModalStyleCell.swift */; };
		3A162A0E23F9EC1300879019 /* CollectionDataSource.swift in Sources */ = {isa = PBXBuildFile; fileRef = 3A1629FD23F9EC1300879019 /* CollectionDataSource.swift */; };
		3A162A0F23F9EC1300879019 /* Model.swift in Sources */ = {isa = PBXBuildFile; fileRef = 3A1629FE23F9EC1300879019 /* Model.swift */; };
		3A162A1023F9EC1300879019 /* CollectionViewLayout.swift in Sources */ = {isa = PBXBuildFile; fileRef = 3A1629FF23F9EC1300879019 /* CollectionViewLayout.swift */; };
		3A162A1123F9EC1300879019 /* ViewCell.swift in Sources */ = {isa = PBXBuildFile; fileRef = 3A162A0123F9EC1300879019 /* ViewCell.swift */; };
		3A162A1223F9EC1300879019 /* RowViewCell.swift in Sources */ = {isa = PBXBuildFile; fileRef = 3A162A0323F9EC1300879019 /* RowViewCell.swift */; };
		3A162A1323F9EC1300879019 /* RowModel.swift in Sources */ = {isa = PBXBuildFile; fileRef = 3A162A0423F9EC1300879019 /* RowModel.swift */; };
		3A162A1423F9EC1300879019 /* RowView.swift in Sources */ = {isa = PBXBuildFile; fileRef = 3A162A0523F9EC1300879019 /* RowView.swift */; };
		3A162A1523F9EC1300879019 /* HeaderView.swift in Sources */ = {isa = PBXBuildFile; fileRef = 3A162A0723F9EC1300879019 /* HeaderView.swift */; };
		3A162A1623F9EC1300879019 /* HeaderModel.swift in Sources */ = {isa = PBXBuildFile; fileRef = 3A162A0823F9EC1300879019 /* HeaderModel.swift */; };
		3A162A1723F9EC1300879019 /* HeaderViewCell.swift in Sources */ = {isa = PBXBuildFile; fileRef = 3A162A0923F9EC1300879019 /* HeaderViewCell.swift */; };
		3A162A1823F9EC1300879019 /* Configurable.swift in Sources */ = {isa = PBXBuildFile; fileRef = 3A162A0A23F9EC1300879019 /* Configurable.swift */; };
		3A162A1923F9EC1300879019 /* Log.swift in Sources */ = {isa = PBXBuildFile; fileRef = 3A162A0B23F9EC1300879019 /* Log.swift */; };
		3A162A1A23F9EC1300879019 /* Section.swift in Sources */ = {isa = PBXBuildFile; fileRef = 3A162A0C23F9EC1300879019 /* Section.swift */; };
		3A162A1B23F9EC1300879019 /* CollectionViewController.swift in Sources */ = {isa = PBXBuildFile; fileRef = 3A162A0D23F9EC1300879019 /* CollectionViewController.swift */; };
		3A5EA56023F85266000222DE /* ModalStyleModel.swift in Sources */ = {isa = PBXBuildFile; fileRef = 3A5EA55F23F85266000222DE /* ModalStyleModel.swift */; };
		3A696F5823EDC51000A34CEA /* AppDelegate.swift in Sources */ = {isa = PBXBuildFile; fileRef = 3A696F5723EDC51000A34CEA /* AppDelegate.swift */; };
		3A696F5A23EDC51000A34CEA /* SceneDelegate.swift in Sources */ = {isa = PBXBuildFile; fileRef = 3A696F5923EDC51000A34CEA /* SceneDelegate.swift */; };
		3A696F5C23EDC51000A34CEA /* ViewController.swift in Sources */ = {isa = PBXBuildFile; fileRef = 3A696F5B23EDC51000A34CEA /* ViewController.swift */; };
		3A696F6123EDC51000A34CEA /* Assets.xcassets in Resources */ = {isa = PBXBuildFile; fileRef = 3A696F6023EDC51000A34CEA /* Assets.xcassets */; };
		3A696F6423EDC51000A34CEA /* LaunchScreen.storyboard in Resources */ = {isa = PBXBuildFile; fileRef = 3A696F6223EDC51000A34CEA /* LaunchScreen.storyboard */; };
		3ADDEE5D240AD82E00A44585 /* Configure.swift in Sources */ = {isa = PBXBuildFile; fileRef = 3ADDEE5C240AD82E00A44585 /* Configure.swift */; };
/* End PBXBuildFile section */

/* Begin PBXContainerItemProxy section */
		3A696F6B23EDC51000A34CEA /* PBXContainerItemProxy */ = {
			isa = PBXContainerItemProxy;
			containerPortal = 3A696F4C23EDC51000A34CEA /* Project object */;
			proxyType = 1;
			remoteGlobalIDString = 3A696F5323EDC51000A34CEA;
			remoteInfo = MilestonesApi;
		};
/* End PBXContainerItemProxy section */

/* Begin PBXFileReference section */
		3A0C7EC2240721B7001A3F8C /* README.md */ = {isa = PBXFileReference; lastKnownFileType = net.daringfireball.markdown; path = README.md; sourceTree = "<group>"; };
		3A16298223F8A9CB00879019 /* ModalStylesTests.swift */ = {isa = PBXFileReference; fileEncoding = 4; lastKnownFileType = sourcecode.swift; path = ModalStylesTests.swift; sourceTree = "<group>"; };
		3A1629A123F8CE5A00879019 /* ModalStylesViewController.swift */ = {isa = PBXFileReference; lastKnownFileType = sourcecode.swift; path = ModalStylesViewController.swift; sourceTree = "<group>"; };
		3A1629C623F9DDBB00879019 /* ModalStyleCell.swift */ = {isa = PBXFileReference; fileEncoding = 4; lastKnownFileType = sourcecode.swift; path = ModalStyleCell.swift; sourceTree = "<group>"; };
		3A1629FD23F9EC1300879019 /* CollectionDataSource.swift */ = {isa = PBXFileReference; fileEncoding = 4; lastKnownFileType = sourcecode.swift; name = CollectionDataSource.swift; path = ../../sources/CollectionDataSource.swift; sourceTree = "<group>"; };
		3A1629FE23F9EC1300879019 /* Model.swift */ = {isa = PBXFileReference; fileEncoding = 4; lastKnownFileType = sourcecode.swift; path = Model.swift; sourceTree = "<group>"; };
		3A1629FF23F9EC1300879019 /* CollectionViewLayout.swift */ = {isa = PBXFileReference; fileEncoding = 4; lastKnownFileType = sourcecode.swift; name = CollectionViewLayout.swift; path = ../../sources/CollectionViewLayout.swift; sourceTree = "<group>"; };
		3A162A0123F9EC1300879019 /* ViewCell.swift */ = {isa = PBXFileReference; fileEncoding = 4; lastKnownFileType = sourcecode.swift; path = ViewCell.swift; sourceTree = "<group>"; };
		3A162A0323F9EC1300879019 /* RowViewCell.swift */ = {isa = PBXFileReference; fileEncoding = 4; lastKnownFileType = sourcecode.swift; path = RowViewCell.swift; sourceTree = "<group>"; };
		3A162A0423F9EC1300879019 /* RowModel.swift */ = {isa = PBXFileReference; fileEncoding = 4; lastKnownFileType = sourcecode.swift; path = RowModel.swift; sourceTree = "<group>"; };
		3A162A0523F9EC1300879019 /* RowView.swift */ = {isa = PBXFileReference; fileEncoding = 4; lastKnownFileType = sourcecode.swift; path = RowView.swift; sourceTree = "<group>"; };
		3A162A0723F9EC1300879019 /* HeaderView.swift */ = {isa = PBXFileReference; fileEncoding = 4; lastKnownFileType = sourcecode.swift; path = HeaderView.swift; sourceTree = "<group>"; };
		3A162A0823F9EC1300879019 /* HeaderModel.swift */ = {isa = PBXFileReference; fileEncoding = 4; lastKnownFileType = sourcecode.swift; path = HeaderModel.swift; sourceTree = "<group>"; };
		3A162A0923F9EC1300879019 /* HeaderViewCell.swift */ = {isa = PBXFileReference; fileEncoding = 4; lastKnownFileType = sourcecode.swift; path = HeaderViewCell.swift; sourceTree = "<group>"; };
		3A162A0A23F9EC1300879019 /* Configurable.swift */ = {isa = PBXFileReference; fileEncoding = 4; lastKnownFileType = sourcecode.swift; path = Configurable.swift; sourceTree = "<group>"; };
		3A162A0B23F9EC1300879019 /* Log.swift */ = {isa = PBXFileReference; fileEncoding = 4; lastKnownFileType = sourcecode.swift; name = Log.swift; path = ../../sources/Log.swift; sourceTree = "<group>"; };
		3A162A0C23F9EC1300879019 /* Section.swift */ = {isa = PBXFileReference; fileEncoding = 4; lastKnownFileType = sourcecode.swift; name = Section.swift; path = ../../sources/Section.swift; sourceTree = "<group>"; };
		3A162A0D23F9EC1300879019 /* CollectionViewController.swift */ = {isa = PBXFileReference; fileEncoding = 4; lastKnownFileType = sourcecode.swift; name = CollectionViewController.swift; path = ../../sources/CollectionViewController.swift; sourceTree = "<group>"; };
		3A5EA55F23F85266000222DE /* ModalStyleModel.swift */ = {isa = PBXFileReference; lastKnownFileType = sourcecode.swift; path = ModalStyleModel.swift; sourceTree = "<group>"; };
		3A696F5423EDC51000A34CEA /* ExampleCollection.app */ = {isa = PBXFileReference; explicitFileType = wrapper.application; includeInIndex = 0; path = ExampleCollection.app; sourceTree = BUILT_PRODUCTS_DIR; };
		3A696F5723EDC51000A34CEA /* AppDelegate.swift */ = {isa = PBXFileReference; lastKnownFileType = sourcecode.swift; path = AppDelegate.swift; sourceTree = "<group>"; };
		3A696F5923EDC51000A34CEA /* SceneDelegate.swift */ = {isa = PBXFileReference; lastKnownFileType = sourcecode.swift; path = SceneDelegate.swift; sourceTree = "<group>"; };
		3A696F5B23EDC51000A34CEA /* ViewController.swift */ = {isa = PBXFileReference; lastKnownFileType = sourcecode.swift; path = ViewController.swift; sourceTree = "<group>"; };
		3A696F6023EDC51000A34CEA /* Assets.xcassets */ = {isa = PBXFileReference; lastKnownFileType = folder.assetcatalog; path = Assets.xcassets; sourceTree = "<group>"; };
		3A696F6323EDC51000A34CEA /* Base */ = {isa = PBXFileReference; lastKnownFileType = file.storyboard; name = Base; path = Base.lproj/LaunchScreen.storyboard; sourceTree = "<group>"; };
		3A696F6523EDC51000A34CEA /* Info.plist */ = {isa = PBXFileReference; lastKnownFileType = text.plist.xml; path = Info.plist; sourceTree = "<group>"; };
		3A696F6A23EDC51000A34CEA /* ExampleCollectionTests.xctest */ = {isa = PBXFileReference; explicitFileType = wrapper.cfbundle; includeInIndex = 0; path = ExampleCollectionTests.xctest; sourceTree = BUILT_PRODUCTS_DIR; };
		3A696F7023EDC51000A34CEA /* Info.plist */ = {isa = PBXFileReference; lastKnownFileType = text.plist.xml; path = Info.plist; sourceTree = "<group>"; };
		3ADDEE5C240AD82E00A44585 /* Configure.swift */ = {isa = PBXFileReference; fileEncoding = 4; lastKnownFileType = sourcecode.swift; name = Configure.swift; path = ../../sources/Configure.swift; sourceTree = "<group>"; };
/* End PBXFileReference section */

/* Begin PBXFrameworksBuildPhase section */
		3A696F5123EDC51000A34CEA /* Frameworks */ = {
			isa = PBXFrameworksBuildPhase;
			buildActionMask = 2147483647;
			files = (
				3A1629B423F8DAF400879019 /* Log in Frameworks */,
				3A0095D023F4AF0200E923BD /* Log in Frameworks */,
				3A1629B123F8DACD00879019 /* AutoLayout in Frameworks */,
			);
			runOnlyForDeploymentPostprocessing = 0;
		};
		3A696F6723EDC51000A34CEA /* Frameworks */ = {
			isa = PBXFrameworksBuildPhase;
			buildActionMask = 2147483647;
			files = (
			);
			runOnlyForDeploymentPostprocessing = 0;
		};
/* End PBXFrameworksBuildPhase section */

/* Begin PBXGroup section */
		3A1629FC23F9EC0600879019 /* package */ = {
			isa = PBXGroup;
			children = (
				3A162A0023F9EC1300879019 /* cells */,
				3ADDEE5C240AD82E00A44585 /* Configure.swift */,
				3A1629FD23F9EC1300879019 /* CollectionDataSource.swift */,
				3A162A0D23F9EC1300879019 /* CollectionViewController.swift */,
				3A1629FF23F9EC1300879019 /* CollectionViewLayout.swift */,
				3A162A0B23F9EC1300879019 /* Log.swift */,
				3A162A0C23F9EC1300879019 /* Section.swift */,
			);
			name = package;
			sourceTree = "<group>";
		};
		3A162A0023F9EC1300879019 /* cells */ = {
			isa = PBXGroup;
			children = (
				3A162A0223F9EC1300879019 /* row */,
				3A162A0623F9EC1300879019 /* header */,
				3A162A0123F9EC1300879019 /* ViewCell.swift */,
				3A162A0A23F9EC1300879019 /* Configurable.swift */,
				3A1629FE23F9EC1300879019 /* Model.swift */,
			);
			name = cells;
			path = ../../sources/cells;
			sourceTree = "<group>";
		};
		3A162A0223F9EC1300879019 /* row */ = {
			isa = PBXGroup;
			children = (
				3A162A0323F9EC1300879019 /* RowViewCell.swift */,
				3A162A0423F9EC1300879019 /* RowModel.swift */,
				3A162A0523F9EC1300879019 /* RowView.swift */,
			);
			path = row;
			sourceTree = "<group>";
		};
		3A162A0623F9EC1300879019 /* header */ = {
			isa = PBXGroup;
			children = (
				3A162A0723F9EC1300879019 /* HeaderView.swift */,
				3A162A0823F9EC1300879019 /* HeaderModel.swift */,
				3A162A0923F9EC1300879019 /* HeaderViewCell.swift */,
			);
			path = header;
			sourceTree = "<group>";
		};
		3A5EA55423F77CDE000222DE /* table */ = {
			isa = PBXGroup;
			children = (
				3A1629C623F9DDBB00879019 /* ModalStyleCell.swift */,
				3A5EA55F23F85266000222DE /* ModalStyleModel.swift */,
				3A1629A123F8CE5A00879019 /* ModalStylesViewController.swift */,
				3A696F5B23EDC51000A34CEA /* ViewController.swift */,
			);
			path = table;
			sourceTree = "<group>";
		};
		3A696F4B23EDC51000A34CEA = {
			isa = PBXGroup;
			children = (
				3A69704123EDE43B00A34CEA /* sources */,
				3A69703E23EDE3F100A34CEA /* targets */,
				3A696F5523EDC51000A34CEA /* Products */,
				3A696F8B23EDC5DD00A34CEA /* Frameworks */,
				3A0C7EC2240721B7001A3F8C /* README.md */,
			);
			sourceTree = "<group>";
		};
		3A696F5523EDC51000A34CEA /* Products */ = {
			isa = PBXGroup;
			children = (
				3A696F5423EDC51000A34CEA /* ExampleCollection.app */,
				3A696F6A23EDC51000A34CEA /* ExampleCollectionTests.xctest */,
			);
			name = Products;
			sourceTree = "<group>";
		};
		3A696F5623EDC51000A34CEA /* main */ = {
			isa = PBXGroup;
			children = (
				3A5EA55423F77CDE000222DE /* table */,
				3A69702023EDCA9200A34CEA /* app */,
			);
			path = main;
			sourceTree = "<group>";
		};
		3A696F8B23EDC5DD00A34CEA /* Frameworks */ = {
			isa = PBXGroup;
			children = (
			);
			name = Frameworks;
			sourceTree = "<group>";
		};
		3A69702023EDCA9200A34CEA /* app */ = {
			isa = PBXGroup;
			children = (
				3A696F5723EDC51000A34CEA /* AppDelegate.swift */,
				3A696F6023EDC51000A34CEA /* Assets.xcassets */,
				3A696F6223EDC51000A34CEA /* LaunchScreen.storyboard */,
				3A696F5923EDC51000A34CEA /* SceneDelegate.swift */,
			);
			path = app;
			sourceTree = "<group>";
		};
		3A69703E23EDE3F100A34CEA /* targets */ = {
			isa = PBXGroup;
			children = (
				3A69703F23EDE3F600A34CEA /* main */,
				3A69704023EDE3FA00A34CEA /* tests */,
			);
			path = targets;
			sourceTree = "<group>";
		};
		3A69703F23EDE3F600A34CEA /* main */ = {
			isa = PBXGroup;
			children = (
				3A696F6523EDC51000A34CEA /* Info.plist */,
			);
			path = main;
			sourceTree = "<group>";
		};
		3A69704023EDE3FA00A34CEA /* tests */ = {
			isa = PBXGroup;
			children = (
				3A696F7023EDC51000A34CEA /* Info.plist */,
			);
			path = tests;
			sourceTree = "<group>";
		};
		3A69704123EDE43B00A34CEA /* sources */ = {
			isa = PBXGroup;
			children = (
				3A1629FC23F9EC0600879019 /* package */,
				3A696F5623EDC51000A34CEA /* main */,
				3A69704223EDE44700A34CEA /* tests */,
			);
			path = sources;
			sourceTree = "<group>";
		};
		3A69704223EDE44700A34CEA /* tests */ = {
			isa = PBXGroup;
			children = (
				3A16298223F8A9CB00879019 /* ModalStylesTests.swift */,
			);
			path = tests;
			sourceTree = "<group>";
		};
/* End PBXGroup section */

/* Begin PBXNativeTarget section */
		3A696F5323EDC51000A34CEA /* ExampleCollection */ = {
			isa = PBXNativeTarget;
			buildConfigurationList = 3A696F7323EDC51000A34CEA /* Build configuration list for PBXNativeTarget "ExampleCollection" */;
			buildPhases = (
				3A696F5023EDC51000A34CEA /* Sources */,
				3A696F5123EDC51000A34CEA /* Frameworks */,
				3A696F5223EDC51000A34CEA /* Resources */,
			);
			buildRules = (
			);
			dependencies = (
			);
			name = ExampleCollection;
			packageProductDependencies = (
				3A0095CF23F4AF0200E923BD /* Log */,
				3A1629B023F8DACD00879019 /* AutoLayout */,
				3A1629B323F8DAF400879019 /* Log */,
			);
			productName = MilestonesApi;
			productReference = 3A696F5423EDC51000A34CEA /* ExampleCollection.app */;
			productType = "com.apple.product-type.application";
		};
		3A696F6923EDC51000A34CEA /* ExampleCollectionTests */ = {
			isa = PBXNativeTarget;
			buildConfigurationList = 3A696F7623EDC51000A34CEA /* Build configuration list for PBXNativeTarget "ExampleCollectionTests" */;
			buildPhases = (
				3A696F6623EDC51000A34CEA /* Sources */,
				3A696F6723EDC51000A34CEA /* Frameworks */,
				3A696F6823EDC51000A34CEA /* Resources */,
			);
			buildRules = (
			);
			dependencies = (
				3A696F6C23EDC51000A34CEA /* PBXTargetDependency */,
			);
			name = ExampleCollectionTests;
			packageProductDependencies = (
			);
			productName = MilestonesApiTests;
			productReference = 3A696F6A23EDC51000A34CEA /* ExampleCollectionTests.xctest */;
			productType = "com.apple.product-type.bundle.unit-test";
		};
/* End PBXNativeTarget section */

/* Begin PBXProject section */
		3A696F4C23EDC51000A34CEA /* Project object */ = {
			isa = PBXProject;
			attributes = {
				LastSwiftUpdateCheck = 1140;
				LastUpgradeCheck = 1140;
				ORGANIZATIONNAME = "Alejandro Ramirez";
				TargetAttributes = {
					3A696F5323EDC51000A34CEA = {
						CreatedOnToolsVersion = 11.4;
					};
					3A696F6923EDC51000A34CEA = {
						CreatedOnToolsVersion = 11.4;
						LastSwiftMigration = 1130;
						TestTargetID = 3A696F5323EDC51000A34CEA;
					};
				};
			};
			buildConfigurationList = 3A696F4F23EDC51000A34CEA /* Build configuration list for PBXProject "ExampleCollection" */;
			compatibilityVersion = "Xcode 9.3";
			developmentRegion = en;
			hasScannedForEncodings = 0;
			knownRegions = (
				en,
				Base,
			);
			mainGroup = 3A696F4B23EDC51000A34CEA;
			packageReferences = (
				3A1629AF23F8DACD00879019 /* XCRemoteSwiftPackageReference "autolayout" */,
				3A1629B223F8DAF400879019 /* XCRemoteSwiftPackageReference "log" */,
			);
			productRefGroup = 3A696F5523EDC51000A34CEA /* Products */;
			projectDirPath = "";
			projectRoot = "";
			targets = (
				3A696F5323EDC51000A34CEA /* ExampleCollection */,
				3A696F6923EDC51000A34CEA /* ExampleCollectionTests */,
			);
		};
/* End PBXProject section */

/* Begin PBXResourcesBuildPhase section */
		3A696F5223EDC51000A34CEA /* Resources */ = {
			isa = PBXResourcesBuildPhase;
			buildActionMask = 2147483647;
			files = (
				3A696F6423EDC51000A34CEA /* LaunchScreen.storyboard in Resources */,
				3A696F6123EDC51000A34CEA /* Assets.xcassets in Resources */,
			);
			runOnlyForDeploymentPostprocessing = 0;
		};
		3A696F6823EDC51000A34CEA /* Resources */ = {
			isa = PBXResourcesBuildPhase;
			buildActionMask = 2147483647;
			files = (
			);
			runOnlyForDeploymentPostprocessing = 0;
		};
/* End PBXResourcesBuildPhase section */

/* Begin PBXSourcesBuildPhase section */
		3A696F5023EDC51000A34CEA /* Sources */ = {
			isa = PBXSourcesBuildPhase;
			buildActionMask = 2147483647;
			files = (
				3ADDEE5D240AD82E00A44585 /* Configure.swift in Sources */,
				3A162A0F23F9EC1300879019 /* Model.swift in Sources */,
				3A1629A223F8CE5A00879019 /* ModalStylesViewController.swift in Sources */,
				3A162A1123F9EC1300879019 /* ViewCell.swift in Sources */,
				3A696F5C23EDC51000A34CEA /* ViewController.swift in Sources */,
				3A162A1A23F9EC1300879019 /* Section.swift in Sources */,
				3A162A1023F9EC1300879019 /* CollectionViewLayout.swift in Sources */,
				3A162A1823F9EC1300879019 /* Configurable.swift in Sources */,
				3A162A1623F9EC1300879019 /* HeaderModel.swift in Sources */,
				3A162A1723F9EC1300879019 /* HeaderViewCell.swift in Sources */,
				3A696F5823EDC51000A34CEA /* AppDelegate.swift in Sources */,
				3A162A1323F9EC1300879019 /* RowModel.swift in Sources */,
				3A162A0E23F9EC1300879019 /* CollectionDataSource.swift in Sources */,
				3A162A1423F9EC1300879019 /* RowView.swift in Sources */,
				3A162A1523F9EC1300879019 /* HeaderView.swift in Sources */,
				3A162A1923F9EC1300879019 /* Log.swift in Sources */,
				3A696F5A23EDC51000A34CEA /* SceneDelegate.swift in Sources */,
				3A1629C723F9DDBB00879019 /* ModalStyleCell.swift in Sources */,
				3A162A1B23F9EC1300879019 /* CollectionViewController.swift in Sources */,
				3A5EA56023F85266000222DE /* ModalStyleModel.swift in Sources */,
				3A162A1223F9EC1300879019 /* RowViewCell.swift in Sources */,
			);
			runOnlyForDeploymentPostprocessing = 0;
		};
		3A696F6623EDC51000A34CEA /* Sources */ = {
			isa = PBXSourcesBuildPhase;
			buildActionMask = 2147483647;
			files = (
				3A16298323F8A9CB00879019 /* ModalStylesTests.swift in Sources */,
			);
			runOnlyForDeploymentPostprocessing = 0;
		};
/* End PBXSourcesBuildPhase section */

/* Begin PBXTargetDependency section */
		3A696F6C23EDC51000A34CEA /* PBXTargetDependency */ = {
			isa = PBXTargetDependency;
			target = 3A696F5323EDC51000A34CEA /* ExampleCollection */;
			targetProxy = 3A696F6B23EDC51000A34CEA /* PBXContainerItemProxy */;
		};
/* End PBXTargetDependency section */

/* Begin PBXVariantGroup section */
		3A696F6223EDC51000A34CEA /* LaunchScreen.storyboard */ = {
			isa = PBXVariantGroup;
			children = (
				3A696F6323EDC51000A34CEA /* Base */,
			);
			name = LaunchScreen.storyboard;
			sourceTree = "<group>";
		};
/* End PBXVariantGroup section */

/* Begin XCBuildConfiguration section */
		3A696F7123EDC51000A34CEA /* Debug */ = {
			isa = XCBuildConfiguration;
			buildSettings = {
				ALWAYS_SEARCH_USER_PATHS = NO;
				CLANG_ANALYZER_NONNULL = YES;
				CLANG_ANALYZER_NUMBER_OBJECT_CONVERSION = YES_AGGRESSIVE;
				CLANG_CXX_LANGUAGE_STANDARD = "gnu++14";
				CLANG_CXX_LIBRARY = "libc++";
				CLANG_ENABLE_MODULES = YES;
				CLANG_ENABLE_OBJC_ARC = YES;
				CLANG_ENABLE_OBJC_WEAK = YES;
				CLANG_WARN_BLOCK_CAPTURE_AUTORELEASING = YES;
				CLANG_WARN_BOOL_CONVERSION = YES;
				CLANG_WARN_COMMA = YES;
				CLANG_WARN_CONSTANT_CONVERSION = YES;
				CLANG_WARN_DEPRECATED_OBJC_IMPLEMENTATIONS = YES;
				CLANG_WARN_DIRECT_OBJC_ISA_USAGE = YES_ERROR;
				CLANG_WARN_DOCUMENTATION_COMMENTS = YES;
				CLANG_WARN_EMPTY_BODY = YES;
				CLANG_WARN_ENUM_CONVERSION = YES;
				CLANG_WARN_INFINITE_RECURSION = YES;
				CLANG_WARN_INT_CONVERSION = YES;
				CLANG_WARN_NON_LITERAL_NULL_CONVERSION = YES;
				CLANG_WARN_OBJC_IMPLICIT_RETAIN_SELF = YES;
				CLANG_WARN_OBJC_LITERAL_CONVERSION = YES;
				CLANG_WARN_OBJC_ROOT_CLASS = YES_ERROR;
				CLANG_WARN_RANGE_LOOP_ANALYSIS = YES;
				CLANG_WARN_STRICT_PROTOTYPES = YES;
				CLANG_WARN_SUSPICIOUS_MOVE = YES;
				CLANG_WARN_UNGUARDED_AVAILABILITY = YES_AGGRESSIVE;
				CLANG_WARN_UNREACHABLE_CODE = YES;
				CLANG_WARN__DUPLICATE_METHOD_MATCH = YES;
				COPY_PHASE_STRIP = NO;
				DEBUG_INFORMATION_FORMAT = dwarf;
				ENABLE_STRICT_OBJC_MSGSEND = YES;
				ENABLE_TESTABILITY = YES;
				GCC_C_LANGUAGE_STANDARD = gnu11;
				GCC_DYNAMIC_NO_PIC = NO;
				GCC_NO_COMMON_BLOCKS = YES;
				GCC_OPTIMIZATION_LEVEL = 0;
				GCC_PREPROCESSOR_DEFINITIONS = (
					"DEBUG=1",
					"$(inherited)",
				);
				GCC_WARN_64_TO_32_BIT_CONVERSION = YES;
				GCC_WARN_ABOUT_RETURN_TYPE = YES_ERROR;
				GCC_WARN_UNDECLARED_SELECTOR = YES;
				GCC_WARN_UNINITIALIZED_AUTOS = YES_AGGRESSIVE;
				GCC_WARN_UNUSED_FUNCTION = YES;
				GCC_WARN_UNUSED_VARIABLE = YES;
				IPHONEOS_DEPLOYMENT_TARGET = 13.4;
				MTL_ENABLE_DEBUG_INFO = INCLUDE_SOURCE;
				MTL_FAST_MATH = YES;
				ONLY_ACTIVE_ARCH = YES;
				SDKROOT = iphoneos;
				SWIFT_ACTIVE_COMPILATION_CONDITIONS = DEBUG;
				SWIFT_OPTIMIZATION_LEVEL = "-Onone";
			};
			name = Debug;
		};
		3A696F7223EDC51000A34CEA /* Release */ = {
			isa = XCBuildConfiguration;
			buildSettings = {
				ALWAYS_SEARCH_USER_PATHS = NO;
				CLANG_ANALYZER_NONNULL = YES;
				CLANG_ANALYZER_NUMBER_OBJECT_CONVERSION = YES_AGGRESSIVE;
				CLANG_CXX_LANGUAGE_STANDARD = "gnu++14";
				CLANG_CXX_LIBRARY = "libc++";
				CLANG_ENABLE_MODULES = YES;
				CLANG_ENABLE_OBJC_ARC = YES;
				CLANG_ENABLE_OBJC_WEAK = YES;
				CLANG_WARN_BLOCK_CAPTURE_AUTORELEASING = YES;
				CLANG_WARN_BOOL_CONVERSION = YES;
				CLANG_WARN_COMMA = YES;
				CLANG_WARN_CONSTANT_CONVERSION = YES;
				CLANG_WARN_DEPRECATED_OBJC_IMPLEMENTATIONS = YES;
				CLANG_WARN_DIRECT_OBJC_ISA_USAGE = YES_ERROR;
				CLANG_WARN_DOCUMENTATION_COMMENTS = YES;
				CLANG_WARN_EMPTY_BODY = YES;
				CLANG_WARN_ENUM_CONVERSION = YES;
				CLANG_WARN_INFINITE_RECURSION = YES;
				CLANG_WARN_INT_CONVERSION = YES;
				CLANG_WARN_NON_LITERAL_NULL_CONVERSION = YES;
				CLANG_WARN_OBJC_IMPLICIT_RETAIN_SELF = YES;
				CLANG_WARN_OBJC_LITERAL_CONVERSION = YES;
				CLANG_WARN_OBJC_ROOT_CLASS = YES_ERROR;
				CLANG_WARN_RANGE_LOOP_ANALYSIS = YES;
				CLANG_WARN_STRICT_PROTOTYPES = YES;
				CLANG_WARN_SUSPICIOUS_MOVE = YES;
				CLANG_WARN_UNGUARDED_AVAILABILITY = YES_AGGRESSIVE;
				CLANG_WARN_UNREACHABLE_CODE = YES;
				CLANG_WARN__DUPLICATE_METHOD_MATCH = YES;
				COPY_PHASE_STRIP = NO;
				DEBUG_INFORMATION_FORMAT = "dwarf-with-dsym";
				ENABLE_NS_ASSERTIONS = NO;
				ENABLE_STRICT_OBJC_MSGSEND = YES;
				GCC_C_LANGUAGE_STANDARD = gnu11;
				GCC_NO_COMMON_BLOCKS = YES;
				GCC_WARN_64_TO_32_BIT_CONVERSION = YES;
				GCC_WARN_ABOUT_RETURN_TYPE = YES_ERROR;
				GCC_WARN_UNDECLARED_SELECTOR = YES;
				GCC_WARN_UNINITIALIZED_AUTOS = YES_AGGRESSIVE;
				GCC_WARN_UNUSED_FUNCTION = YES;
				GCC_WARN_UNUSED_VARIABLE = YES;
				IPHONEOS_DEPLOYMENT_TARGET = 13.4;
				MTL_ENABLE_DEBUG_INFO = NO;
				MTL_FAST_MATH = YES;
				SDKROOT = iphoneos;
				SWIFT_COMPILATION_MODE = wholemodule;
				SWIFT_OPTIMIZATION_LEVEL = "-O";
				VALIDATE_PRODUCT = YES;
			};
			name = Release;
		};
		3A696F7423EDC51000A34CEA /* Debug */ = {
			isa = XCBuildConfiguration;
			buildSettings = {
				ASSETCATALOG_COMPILER_APPICON_NAME = AppIcon;
				CODE_SIGN_STYLE = Automatic;
				DEVELOPMENT_TEAM = PPSF6CNP8Q;
				INFOPLIST_FILE = targets/main/Info.plist;
				IPHONEOS_DEPLOYMENT_TARGET = 13.2;
				LD_RUNPATH_SEARCH_PATHS = (
					"$(inherited)",
					"@executable_path/Frameworks",
				);
				PRODUCT_BUNDLE_IDENTIFIER = es.com.jano.tabbedChat;
				PRODUCT_NAME = "$(TARGET_NAME)";
				SWIFT_VERSION = 5.0;
				TARGETED_DEVICE_FAMILY = "1,2";
			};
			name = Debug;
		};
		3A696F7523EDC51000A34CEA /* Release */ = {
			isa = XCBuildConfiguration;
			buildSettings = {
				ASSETCATALOG_COMPILER_APPICON_NAME = AppIcon;
				CODE_SIGN_STYLE = Automatic;
				DEVELOPMENT_TEAM = PPSF6CNP8Q;
				INFOPLIST_FILE = targets/main/Info.plist;
				IPHONEOS_DEPLOYMENT_TARGET = 13.2;
				LD_RUNPATH_SEARCH_PATHS = (
					"$(inherited)",
					"@executable_path/Frameworks",
				);
				PRODUCT_BUNDLE_IDENTIFIER = es.com.jano.tabbedChat;
				PRODUCT_NAME = "$(TARGET_NAME)";
				SWIFT_VERSION = 5.0;
				TARGETED_DEVICE_FAMILY = "1,2";
			};
			name = Release;
		};
		3A696F7723EDC51000A34CEA /* Debug */ = {
			isa = XCBuildConfiguration;
			buildSettings = {
				ALWAYS_EMBED_SWIFT_STANDARD_LIBRARIES = YES;
				BUNDLE_LOADER = "$(TEST_HOST)";
				CLANG_ENABLE_MODULES = YES;
				CODE_SIGN_STYLE = Automatic;
				DEVELOPMENT_TEAM = PPSF6CNP8Q;
				INFOPLIST_FILE = targets/tests/Info.plist;
				IPHONEOS_DEPLOYMENT_TARGET = 13.2;
				LD_RUNPATH_SEARCH_PATHS = (
					"$(inherited)",
					"@executable_path/Frameworks",
					"@loader_path/Frameworks",
				);
				PRODUCT_BUNDLE_IDENTIFIER = es.com.jano.tabbedChat;
				PRODUCT_NAME = "$(TARGET_NAME)";
				SWIFT_OPTIMIZATION_LEVEL = "-Onone";
				SWIFT_VERSION = 5.0;
				TARGETED_DEVICE_FAMILY = "1,2";
				TEST_HOST = "$(BUILT_PRODUCTS_DIR)/TabbedChat.app/TabbedChat";
			};
			name = Debug;
		};
		3A696F7823EDC51000A34CEA /* Release */ = {
			isa = XCBuildConfiguration;
			buildSettings = {
				ALWAYS_EMBED_SWIFT_STANDARD_LIBRARIES = YES;
				BUNDLE_LOADER = "$(TEST_HOST)";
				CLANG_ENABLE_MODULES = YES;
				CODE_SIGN_STYLE = Automatic;
				DEVELOPMENT_TEAM = PPSF6CNP8Q;
				INFOPLIST_FILE = targets/tests/Info.plist;
				IPHONEOS_DEPLOYMENT_TARGET = 13.2;
				LD_RUNPATH_SEARCH_PATHS = (
					"$(inherited)",
					"@executable_path/Frameworks",
					"@loader_path/Frameworks",
				);
				PRODUCT_BUNDLE_IDENTIFIER = es.com.jano.tabbedChat;
				PRODUCT_NAME = "$(TARGET_NAME)";
				SWIFT_VERSION = 5.0;
				TARGETED_DEVICE_FAMILY = "1,2";
				TEST_HOST = "$(BUILT_PRODUCTS_DIR)/TabbedChat.app/TabbedChat";
			};
			name = Release;
		};
/* End XCBuildConfiguration section */

/* Begin XCConfigurationList section */
		3A696F4F23EDC51000A34CEA /* Build configuration list for PBXProject "ExampleCollection" */ = {
			isa = XCConfigurationList;
			buildConfigurations = (
				3A696F7123EDC51000A34CEA /* Debug */,
				3A696F7223EDC51000A34CEA /* Release */,
			);
			defaultConfigurationIsVisible = 0;
			defaultConfigurationName = Release;
		};
		3A696F7323EDC51000A34CEA /* Build configuration list for PBXNativeTarget "ExampleCollection" */ = {
			isa = XCConfigurationList;
			buildConfigurations = (
				3A696F7423EDC51000A34CEA /* Debug */,
				3A696F7523EDC51000A34CEA /* Release */,
			);
			defaultConfigurationIsVisible = 0;
			defaultConfigurationName = Release;
		};
		3A696F7623EDC51000A34CEA /* Build configuration list for PBXNativeTarget "ExampleCollectionTests" */ = {
			isa = XCConfigurationList;
			buildConfigurations = (
				3A696F7723EDC51000A34CEA /* Debug */,
				3A696F7823EDC51000A34CEA /* Release */,
			);
			defaultConfigurationIsVisible = 0;
			defaultConfigurationName = Release;
		};
/* End XCConfigurationList section */

/* Begin XCRemoteSwiftPackageReference section */
		3A1629AF23F8DACD00879019 /* XCRemoteSwiftPackageReference "autolayout" */ = {
			isa = XCRemoteSwiftPackageReference;
			repositoryURL = "git@github.com:j4n0/autolayout.git";
			requirement = {
				kind = upToNextMajorVersion;
				minimumVersion = 1.0.0;
			};
		};
		3A1629B223F8DAF400879019 /* XCRemoteSwiftPackageReference "log" */ = {
			isa = XCRemoteSwiftPackageReference;
			repositoryURL = "git@github.com:j4n0/log.git";
			requirement = {
				kind = upToNextMajorVersion;
				minimumVersion = 1.0.0;
			};
		};
/* End XCRemoteSwiftPackageReference section */

/* Begin XCSwiftPackageProductDependency section */
		3A0095CF23F4AF0200E923BD /* Log */ = {
			isa = XCSwiftPackageProductDependency;
			productName = Log;
		};
		3A1629B023F8DACD00879019 /* AutoLayout */ = {
			isa = XCSwiftPackageProductDependency;
			package = 3A1629AF23F8DACD00879019 /* XCRemoteSwiftPackageReference "autolayout" */;
			productName = AutoLayout;
		};
		3A1629B323F8DAF400879019 /* Log */ = {
			isa = XCSwiftPackageProductDependency;
			package = 3A1629B223F8DAF400879019 /* XCRemoteSwiftPackageReference "log" */;
			productName = Log;
		};
/* End XCSwiftPackageProductDependency section */
	};
	rootObject = 3A696F4C23EDC51000A34CEA /* Project object */;
}
